
Microsoft Visual Studio Solution File, Format Version 12.00
# Visual Studio Version 17
VisualStudioVersion = 17.14.36301.6 d17.14
MinimumVisualStudioVersion = 10.0.40219.1
Project("{FAE04EC0-301F-11D3-BF4B-00C04F79EFBC}") = "SeleniumDemo", "SeleniumDemo\SeleniumDemo.csproj", "{5F5358E4-68ED-420B-8F05-2694EB8BD09B}"
EndProject
Global
	GlobalSection(SolutionConfigurationPlatforms) = preSolution
		Debug|Any CPU = Debug|Any CPU
		Release|Any CPU = Release|Any CPU
	EndGlobalSection
	GlobalSection(ProjectConfigurationPlatforms) = postSolution
		{5F5358E4-68ED-420B-8F05-2694EB8BD09B}.Debug|Any CPU.ActiveCfg = Debug|Any CPU
		{5F5358E4-68ED-420B-8F05-2694EB8BD09B}.Debug|Any CPU.Build.0 = Debug|Any CPU
		{5F5358E4-68ED-420B-8F05-2694EB8BD09B}.Release|Any CPU.ActiveCfg = Release|Any CPU
		{5F5358E4-68ED-420B-8F05-2694EB8BD09B}.Release|Any CPU.Build.0 = Release|Any CPU
	EndGlobalSection
	GlobalSection(SolutionProperties) = preSolution
		HideSolutionNode = FALSE
	EndGlobalSection
	GlobalSection(ExtensibilityGlobals) = postSolution
		SolutionGuid = {9FF915F3-DE16-4892-AD26-562AAFED28D8}
	EndGlobalSection
EndGlobal
